
Microsoft Visual Studio Solution File, Format Version 12.00
# Visual Studio Version 16
VisualStudioVersion = 16.0.33214.272
MinimumVisualStudioVersion = 10.0.40219.1
Project("{9A19103F-16F7-4668-BE54-9A1E7A4F7556}") = "APITestProject", "APITestProject\APITestProject.csproj", "{E53B211A-7150-4E44-AB9E-90BFD68BF093}"
EndProject
Project("{9A19103F-16F7-4668-BE54-9A1E7A4F7556}") = "DSharpPlusBot", "DSharpPlusBot\DSharpPlusBot.csproj", "{A681D867-09E0-4330-AFB5-E1E39C2B7843}"
EndProject
Global
	GlobalSection(SolutionConfigurationPlatforms) = preSolution
		Debug|Any CPU = Debug|Any CPU
		Release|Any CPU = Release|Any CPU
	EndGlobalSection
	GlobalSection(ProjectConfigurationPlatforms) = postSolution
		{E53B211A-7150-4E44-AB9E-90BFD68BF093}.Debug|Any CPU.ActiveCfg = Debug|Any CPU
		{E53B211A-7150-4E44-AB9E-90BFD68BF093}.Debug|Any CPU.Build.0 = Debug|Any CPU
		{E53B211A-7150-4E44-AB9E-90BFD68BF093}.Release|Any CPU.ActiveCfg = Release|Any CPU
		{E53B211A-7150-4E44-AB9E-90BFD68BF093}.Release|Any CPU.Build.0 = Release|Any CPU
		{A681D867-09E0-4330-AFB5-E1E39C2B7843}.Debug|Any CPU.ActiveCfg = Debug|Any CPU
		{A681D867-09E0-4330-AFB5-E1E39C2B7843}.Debug|Any CPU.Build.0 = Debug|Any CPU
		{A681D867-09E0-4330-AFB5-E1E39C2B7843}.Release|Any CPU.ActiveCfg = Release|Any CPU
		{A681D867-09E0-4330-AFB5-E1E39C2B7843}.Release|Any CPU.Build.0 = Release|Any CPU
	EndGlobalSection
	GlobalSection(SolutionProperties) = preSolution
		HideSolutionNode = FALSE
	EndGlobalSection
	GlobalSection(ExtensibilityGlobals) = postSolution
		SolutionGuid = {E8C3D372-8FC7-40E8-AD7A-D5D0868E8BDE}
	EndGlobalSection
EndGlobal
